
Microsoft Visual Studio Solution File, Format Version 12.00
# Visual Studio Version 17
VisualStudioVersion = 17.6.33712.159
MinimumVisualStudioVersion = 10.0.40219.1
Project("{FAE04EC0-301F-11D3-BF4B-00C04F79EFBC}") = "AgileCoding.Extentions.Generic", "AgileCoding.Extentions.Generic\AgileCoding.Extentions.Generic.csproj", "{680E8397-30CA-4863-8B88-C39EC0A2C8C0}"
EndProject
Global
	GlobalSection(SolutionConfigurationPlatforms) = preSolution
		Debug|Any CPU = Debug|Any CPU
		Release|Any CPU = Release|Any CPU
	EndGlobalSection
	GlobalSection(ProjectConfigurationPlatforms) = postSolution
		{680E8397-30CA-4863-8B88-C39EC0A2C8C0}.Debug|Any CPU.ActiveCfg = Debug|Any CPU
		{680E8397-30CA-4863-8B88-C39EC0A2C8C0}.Debug|Any CPU.Build.0 = Debug|Any CPU
		{680E8397-30CA-4863-8B88-C39EC0A2C8C0}.Release|Any CPU.ActiveCfg = Release|Any CPU
		{680E8397-30CA-4863-8B88-C39EC0A2C8C0}.Release|Any CPU.Build.0 = Release|Any CPU
	EndGlobalSection
	GlobalSection(SolutionProperties) = preSolution
		HideSolutionNode = FALSE
	EndGlobalSection
	GlobalSection(ExtensibilityGlobals) = postSolution
		SolutionGuid = {D021BFD4-287C-44F0-98AF-E07EB42EE277}
	EndGlobalSection
EndGlobal
